
Microsoft Visual Studio Solution File, Format Version 12.00
# Visual Studio Version 17
VisualStudioVersion = 17.13.35919.96
MinimumVisualStudioVersion = 10.0.40219.1
Project("{FAE04EC0-301F-11D3-BF4B-00C04F79EFBC}") = "Datos", "Datos\Datos.csproj", "{1D740663-77F7-42A9-8602-D3D580EFAC30}"
EndProject
Project("{FAE04EC0-301F-11D3-BF4B-00C04F79EFBC}") = "Negocio", "Negocio\Negocio.csproj", "{8891A181-3FFC-46F0-A90C-9DDB7FDA00E2}"
EndProject
Project("{FAE04EC0-301F-11D3-BF4B-00C04F79EFBC}") = "Presentacion", "Presentacion\Presentacion.csproj", "{7949B31B-E0CB-4AC5-B8F8-450564A9F182}"
EndProject
Project("{2150E333-8FDC-42A3-9474-1A3956D46DE8}") = "NewFolder1", "NewFolder1", "{02EA681E-C7D8-13C7-8484-4AC65E1B71E8}"
EndProject
Global
	GlobalSection(SolutionConfigurationPlatforms) = preSolution
		Debug|Any CPU = Debug|Any CPU
		Release|Any CPU = Release|Any CPU
	EndGlobalSection
	GlobalSection(ProjectConfigurationPlatforms) = postSolution
		{1D740663-77F7-42A9-8602-D3D580EFAC30}.Debug|Any CPU.ActiveCfg = Debug|Any CPU
		{1D740663-77F7-42A9-8602-D3D580EFAC30}.Debug|Any CPU.Build.0 = Debug|Any CPU
		{1D740663-77F7-42A9-8602-D3D580EFAC30}.Release|Any CPU.ActiveCfg = Release|Any CPU
		{1D740663-77F7-42A9-8602-D3D580EFAC30}.Release|Any CPU.Build.0 = Release|Any CPU
		{8891A181-3FFC-46F0-A90C-9DDB7FDA00E2}.Debug|Any CPU.ActiveCfg = Debug|Any CPU
		{8891A181-3FFC-46F0-A90C-9DDB7FDA00E2}.Debug|Any CPU.Build.0 = Debug|Any CPU
		{8891A181-3FFC-46F0-A90C-9DDB7FDA00E2}.Release|Any CPU.ActiveCfg = Release|Any CPU
		{8891A181-3FFC-46F0-A90C-9DDB7FDA00E2}.Release|Any CPU.Build.0 = Release|Any CPU
		{7949B31B-E0CB-4AC5-B8F8-450564A9F182}.Debug|Any CPU.ActiveCfg = Debug|Any CPU
		{7949B31B-E0CB-4AC5-B8F8-450564A9F182}.Debug|Any CPU.Build.0 = Debug|Any CPU
		{7949B31B-E0CB-4AC5-B8F8-450564A9F182}.Release|Any CPU.ActiveCfg = Release|Any CPU
		{7949B31B-E0CB-4AC5-B8F8-450564A9F182}.Release|Any CPU.Build.0 = Release|Any CPU
	EndGlobalSection
	GlobalSection(SolutionProperties) = preSolution
		HideSolutionNode = FALSE
	EndGlobalSection
	GlobalSection(ExtensibilityGlobals) = postSolution
		SolutionGuid = {8B8A02F9-5861-477F-965C-EE0128272B7A}
	EndGlobalSection
EndGlobal
